{
  "requires": true,
  "lockfileVersion": 1,
  "dependencies": {
    "jquery": {
      "version": "3.3.1",
      "resolved": "https://registry.npmjs.org/jquery/-/jquery-3.3.1.tgz",
      "integrity": "sha512-Ubldcmxp5np52/ENotGxlLe6aGMvmF4R8S6tZjsP6Knsaxd/xp3Zrh50cG93lR6nPXyUFwzN3ZSOQI0wRJNdGg=="
    },
    "sweetalert2": {
      "version": "7.12.9",
      "resolved": "https://registry.npmjs.org/sweetalert2/-/sweetalert2-7.12.9.tgz",
      "integrity": "sha512-gNMQuo0nqUyuGNMEx58i6dua26SbW3blI6zC/mu2n8/f/fm8ZDvi/GEjlqhqN3DV/uQn1WN60WuBLeDJb2U8PQ=="
    }
  }
}
